{
    "_readme": [
        "This file locks the dependencies of your project to a known state",
        "Read more about it at https://getcomposer.org/doc/01-basic-usage.md#installing-dependencies",
        "This file is @generated automatically"
    ],
    "content-hash": "c589f39c32e5553b1aef19f6d8600f69",
    "packages": [
        {
            "name": "bojaghi/continy",
            "version": "1.1.0",
            "source": {
                "type": "git",
                "url": "https://github.com/bojaghi/continy.git",
                "reference": "0a05dc2cc489b1f88593fb4da50add1e260c6abd"
            },
            "dist": {
                "type": "zip",
                "url": "https://api.github.com/repos/bojaghi/continy/zipball/0a05dc2cc489b1f88593fb4da50add1e260c6abd",
                "reference": "0a05dc2cc489b1f88593fb4da50add1e260c6abd",
                "shasum": ""
            },
            "require": {
                "bojaghi/contract": "^1.0",
                "php": ">=8.0"
            },
            "require-dev": {
                "bojaghi/wp-tests": "^1.0",
                "phpunit/phpunit": "^9",
                "yoast/phpunit-polyfills": "^3.0"
            },
            "type": "library",
            "autoload": {
                "psr-4": {
                    "Bojaghi\\Continy\\": "src/"
                }
            },
            "notification-url": "https://packagist.org/downloads/",
            "license": [
                "GPL-2.0-or-later"
            ],
            "authors": [
                {
                    "name": "changwoo",
                    "email": "ep6tri@hotmail.com"
                }
            ],
            "description": "Re-usable tiny container for WordPress themes and plugins.",
            "homepage": "https://github.com/bojaghi/continy",
            "support": {
                "issues": "https://github.com/bojaghi/continy/issues",
                "source": "https://github.com/bojaghi/continy/tree/1.1.0"
            },
            "time": "2024-12-24T18:52:39+00:00"
        },
        {
            "name": "bojaghi/contract",
            "version": "1.1.0",
            "source": {
                "type": "git",
                "url": "https://github.com/bojaghi/contract.git",
                "reference": "6d0fd73087a7f36cea92fee0c110af0916f5f1db"
            },
            "dist": {
                "type": "zip",
                "url": "https://api.github.com/repos/bojaghi/contract/zipball/6d0fd73087a7f36cea92fee0c110af0916f5f1db",
                "reference": "6d0fd73087a7f36cea92fee0c110af0916f5f1db",
                "shasum": ""
            },
            "require": {
                "php": ">=8.0",
                "psr/container": "^2.0"
            },
            "type": "library",
            "autoload": {
                "psr-4": {
                    "Bojaghi\\Contract\\": "src/"
                }
            },
            "notification-url": "https://packagist.org/downloads/",
            "license": [
                "GPL-2.0-or-later"
            ],
            "authors": [
                {
                    "name": "changwoo",
                    "email": "ep6tri@hotmail.com"
                }
            ],
            "description": "Bojaghi contract",
            "homepage": "https://github.com/bojaghi/contract",
            "support": {
                "issues": "https://github.com/bojaghi/contract/issues",
                "source": "https://github.com/bojaghi/contract/tree/1.1.0"
            },
            "time": "2024-12-21T04:43:53+00:00"
        },
        {
            "name": "bojaghi/custom-posts",
            "version": "1.0.1",
            "source": {
                "type": "git",
                "url": "https://github.com/bojaghi/custom-posts.git",
                "reference": "018219acceeb6f638173a73e71954c0b7ddc696f"
            },
            "dist": {
                "type": "zip",
                "url": "https://api.github.com/repos/bojaghi/custom-posts/zipball/018219acceeb6f638173a73e71954c0b7ddc696f",
                "reference": "018219acceeb6f638173a73e71954c0b7ddc696f",
                "shasum": ""
            },
            "require": {
                "php": ">=8.0"
            },
            "require-dev": {
                "bojaghi/wp-tests": "^1.0",
                "phpunit/phpunit": "^9",
                "yoast/phpunit-polyfills": "^3.0"
            },
            "type": "library",
            "autoload": {
                "psr-4": {
                    "Bojaghi\\Cpt\\": "src/"
                }
            },
            "notification-url": "https://packagist.org/downloads/",
            "license": [
                "GPL-2.0-or-later"
            ],
            "description": "WordPress custom post type package.",
            "homepage": "https://github.com/bojaghi/custom-posts",
            "support": {
                "issues": "https://github.com/bojaghi/custom-posts/issues",
                "source": "https://github.com/bojaghi/custom-posts/tree/1.0.1"
            },
            "time": "2024-11-24T14:46:49+00:00"
        },
        {
            "name": "bojaghi/custom-taxonomies",
            "version": "1.0.0",
            "source": {
                "type": "git",
                "url": "https://github.com/bojaghi/custom-taxonomies.git",
                "reference": "a547e5e81cb42f40bd3fde36a6a848b685912d62"
            },
            "dist": {
                "type": "zip",
                "url": "https://api.github.com/repos/bojaghi/custom-taxonomies/zipball/a547e5e81cb42f40bd3fde36a6a848b685912d62",
                "reference": "a547e5e81cb42f40bd3fde36a6a848b685912d62",
                "shasum": ""
            },
            "require": {
                "php": ">=8.0"
            },
            "require-dev": {
                "bojaghi/wp-tests": "^1.0",
                "phpunit/phpunit": "^9",
                "yoast/phpunit-polyfills": "^3.0"
            },
            "type": "library",
            "autoload": {
                "psr-4": {
                    "Bojaghi\\Tax\\": "src/"
                }
            },
            "notification-url": "https://packagist.org/downloads/",
            "license": [
                "GPL-2.0-or-later"
            ],
            "description": "WordPress taxonomy package",
            "homepage": "https://github.com/bojaghi/custom-taxonomies",
            "support": {
                "issues": "https://github.com/bojaghi/custom-taxonomies/issues",
                "source": "https://github.com/bojaghi/custom-taxonomies/tree/1.0.0"
            },
            "time": "2024-11-24T14:43:33+00:00"
        },
        {
            "name": "bojaghi/fields",
            "version": "1.0.0",
            "source": {
                "type": "git",
                "url": "https://github.com/bojaghi/fields.git",
                "reference": "077dd0d10e90901ef8721a93600ab3e3f3e99042"
            },
            "dist": {
                "type": "zip",
                "url": "https://api.github.com/repos/bojaghi/fields/zipball/077dd0d10e90901ef8721a93600ab3e3f3e99042",
                "reference": "077dd0d10e90901ef8721a93600ab3e3f3e99042",
                "shasum": ""
            },
            "require": {
                "bojaghi/contract": "^1.0",
                "php": ">=8.0"
            },
            "require-dev": {
                "bojaghi/wp-tests": "^1.0",
                "phpunit/phpunit": "^9",
                "yoast/phpunit-polyfills": "^3.0"
            },
            "type": "library",
            "autoload": {
                "psr-4": {
                    "Bojaghi\\Fields\\": "src/"
                }
            },
            "notification-url": "https://packagist.org/downloads/",
            "license": [
                "GPL-2.0-or-later"
            ],
            "authors": [
                {
                    "name": "changwoo",
                    "email": "ep6tri@hotmail.com"
                }
            ],
            "description": "Meta field, option field wrapper",
            "homepage": "https://github.com/bojaghi/fields",
            "support": {
                "issues": "https://github.com/bojaghi/fields/issues",
                "source": "https://github.com/bojaghi/fields/tree/1.0.0"
            },
            "time": "2024-12-01T17:51:59+00:00"
        },
        {
            "name": "bojaghi/helper",
            "version": "1.1.0",
            "source": {
                "type": "git",
                "url": "https://github.com/bojaghi/helper.git",
                "reference": "e84223e627e5f86e6e4b1986f42b506c22071e82"
            },
            "dist": {
                "type": "zip",
                "url": "https://api.github.com/repos/bojaghi/helper/zipball/e84223e627e5f86e6e4b1986f42b506c22071e82",
                "reference": "e84223e627e5f86e6e4b1986f42b506c22071e82",
                "shasum": ""
            },
            "require": {
                "php": ">=8.0"
            },
            "require-dev": {
                "bojaghi/wp-tests": "^1.0",
                "phpunit/phpunit": "^9",
                "yoast/phpunit-polyfills": "^3.0"
            },
            "type": "library",
            "autoload": {
                "psr-4": {
                    "Bojaghi\\Helper\\": "src/"
                }
            },
            "notification-url": "https://packagist.org/downloads/",
            "license": [
                "GPL-2.0-or-later"
            ],
            "authors": [
                {
                    "name": "changwoo",
                    "email": "ep6tri@hotmail.com"
                }
            ],
            "description": "Helper methods collection.",
            "homepage": "https://github.com/bojaghi/helper",
            "support": {
                "issues": "https://github.com/bojaghi/helper/issues",
                "source": "https://github.com/bojaghi/helper/tree/1.1.0"
            },
            "time": "2024-12-19T01:41:49+00:00"
        },
        {
            "name": "bojaghi/template",
            "version": "1.0.0",
            "source": {
                "type": "git",
                "url": "https://github.com/bojaghi/template.git",
                "reference": "48268cccc646a92c36ea027885616ac9890525c5"
            },
            "dist": {
                "type": "zip",
                "url": "https://api.github.com/repos/bojaghi/template/zipball/48268cccc646a92c36ea027885616ac9890525c5",
                "reference": "48268cccc646a92c36ea027885616ac9890525c5",
                "shasum": ""
            },
            "require": {
                "php": ">=8.0"
            },
            "require-dev": {
                "bojaghi/wp-tests": "^1.0",
                "phpunit/phpunit": "^9",
                "yoast/phpunit-polyfills": "^3.0"
            },
            "type": "library",
            "autoload": {
                "psr-4": {
                    "Bojaghi\\Template\\": "src/"
                }
            },
            "notification-url": "https://packagist.org/downloads/",
            "license": [
                "GPL-2.0-or-later"
            ],
            "authors": [
                {
                    "name": "changwoo",
                    "email": "ep6tri@hotmail.com"
                }
            ],
            "description": "Bojaghi template package",
            "homepage": "https://github.com/bojaghi/template",
            "support": {
                "issues": "https://github.com/bojaghi/template/issues",
                "source": "https://github.com/bojaghi/template/tree/1.0.0"
            },
            "time": "2024-11-29T22:40:37+00:00"
        },
        {
            "name": "bojaghi/vite-scripts",
            "version": "1.1.0",
            "source": {
                "type": "git",
                "url": "https://github.com/bojaghi/vite-scripts.git",
                "reference": "9f3b4f4b782d73b939f64ebf86bef1adddd2bf8d"
            },
            "dist": {
                "type": "zip",
                "url": "https://api.github.com/repos/bojaghi/vite-scripts/zipball/9f3b4f4b782d73b939f64ebf86bef1adddd2bf8d",
                "reference": "9f3b4f4b782d73b939f64ebf86bef1adddd2bf8d",
                "shasum": ""
            },
            "require": {
                "bojaghi/helper": "^1.1",
                "php": ">=8.0"
            },
            "require-dev": {
                "bojaghi/wp-tests": "^1.0",
                "phpunit/phpunit": "^9",
                "yoast/phpunit-polyfills": "^3.0"
            },
            "type": "library",
            "autoload": {
                "psr-4": {
                    "Bojaghi\\ViteScripts\\": "src/"
                }
            },
            "notification-url": "https://packagist.org/downloads/",
            "license": [
                "GPL-2.0-or-later"
            ],
            "homepage": "https://github.com/bojaghi/vite-scripts",
            "support": {
                "issues": "https://github.com/bojaghi/vite-scripts/issues",
                "source": "https://github.com/bojaghi/vite-scripts/tree/1.1.0"
            },
            "time": "2025-01-14T15:56:58+00:00"
        },
        {
            "name": "psr/container",
            "version": "2.0.2",
            "source": {
                "type": "git",
                "url": "https://github.com/php-fig/container.git",
                "reference": "c71ecc56dfe541dbd90c5360474fbc405f8d5963"
            },
            "dist": {
                "type": "zip",
                "url": "https://api.github.com/repos/php-fig/container/zipball/c71ecc56dfe541dbd90c5360474fbc405f8d5963",
                "reference": "c71ecc56dfe541dbd90c5360474fbc405f8d5963",
                "shasum": ""
            },
            "require": {
                "php": ">=7.4.0"
            },
            "type": "library",
            "extra": {
                "branch-alias": {
                    "dev-master": "2.0.x-dev"
                }
            },
            "autoload": {
                "psr-4": {
                    "Psr\\Container\\": "src/"
                }
            },
            "notification-url": "https://packagist.org/downloads/",
            "license": [
                "MIT"
            ],
            "authors": [
                {
                    "name": "PHP-FIG",
                    "homepage": "https://www.php-fig.org/"
                }
            ],
            "description": "Common Container Interface (PHP FIG PSR-11)",
            "homepage": "https://github.com/php-fig/container",
            "keywords": [
                "PSR-11",
                "container",
                "container-interface",
                "container-interop",
                "psr"
            ],
            "support": {
                "issues": "https://github.com/php-fig/container/issues",
                "source": "https://github.com/php-fig/container/tree/2.0.2"
            },
            "time": "2021-11-05T16:47:00+00:00"
        }
    ],
    "packages-dev": [],
    "aliases": [],
    "minimum-stability": "stable",
    "stability-flags": {},
    "prefer-stable": false,
    "prefer-lowest": false,
    "platform": {
        "php": ">=8.0"
    },
    "platform-dev": {},
    "plugin-api-version": "2.6.0"
}
